// !$*UTF8*$!
{
	archiveVersion = 1;
	classes = {
	};
	objectVersion = 50;
	objects = {

/* Begin PBXBuildFile section */
		868E200C20A94AF000A22AFB /* AppDelegate.swift in Sources */ = {isa = PBXBuildFile; fileRef = 868E200B20A94AF000A22AFB /* AppDelegate.swift */; };
		868E200E20A94AF000A22AFB /* HomeVC.swift in Sources */ = {isa = PBXBuildFile; fileRef = 868E200D20A94AF000A22AFB /* HomeVC.swift */; };
		868E201120A94AF000A22AFB /* Main.storyboard in Resources */ = {isa = PBXBuildFile; fileRef = 868E200F20A94AF000A22AFB /* Main.storyboard */; };
		868E201320A94AF300A22AFB /* Assets.xcassets in Resources */ = {isa = PBXBuildFile; fileRef = 868E201220A94AF300A22AFB /* Assets.xcassets */; };
		868E201620A94AF300A22AFB /* LaunchScreen.storyboard in Resources */ = {isa = PBXBuildFile; fileRef = 868E201420A94AF300A22AFB /* LaunchScreen.storyboard */; };
		868E202120A94AF300A22AFB /* Easy_BudgetTests.swift in Sources */ = {isa = PBXBuildFile; fileRef = 868E202020A94AF300A22AFB /* Easy_BudgetTests.swift */; };
		868E202C20A94AF300A22AFB /* Easy_BudgetUITests.swift in Sources */ = {isa = PBXBuildFile; fileRef = 868E202B20A94AF300A22AFB /* Easy_BudgetUITests.swift */; };
		868E204120A9CFB800A22AFB /* CreateNewBudgetVC.swift in Sources */ = {isa = PBXBuildFile; fileRef = 868E204020A9CFB800A22AFB /* CreateNewBudgetVC.swift */; };
		868E204320A9D22400A22AFB /* RoundBtn.swift in Sources */ = {isa = PBXBuildFile; fileRef = 868E204220A9D22400A22AFB /* RoundBtn.swift */; };
		868E204520A9D53600A22AFB /* Budget.swift in Sources */ = {isa = PBXBuildFile; fileRef = 868E204420A9D53600A22AFB /* Budget.swift */; };
		868E204720A9DF9600A22AFB /* BudgetVC.swift in Sources */ = {isa = PBXBuildFile; fileRef = 868E204620A9DF9600A22AFB /* BudgetVC.swift */; };
/* End PBXBuildFile section */

/* Begin PBXContainerItemProxy section */
		868E201D20A94AF300A22AFB /* PBXContainerItemProxy */ = {
			isa = PBXContainerItemProxy;
			containerPortal = 868E200020A94AF000A22AFB /* Project object */;
			proxyType = 1;
			remoteGlobalIDString = 868E200720A94AF000A22AFB;
			remoteInfo = "Easy-Budget";
		};
		868E202820A94AF300A22AFB /* PBXContainerItemProxy */ = {
			isa = PBXContainerItemProxy;
			containerPortal = 868E200020A94AF000A22AFB /* Project object */;
			proxyType = 1;
			remoteGlobalIDString = 868E200720A94AF000A22AFB;
			remoteInfo = "Easy-Budget";
		};
/* End PBXContainerItemProxy section */

/* Begin PBXFileReference section */
		868E200820A94AF000A22AFB /* Easy-Budget.app */ = {isa = PBXFileReference; explicitFileType = wrapper.application; includeInIndex = 0; path = "Easy-Budget.app"; sourceTree = BUILT_PRODUCTS_DIR; };
		868E200B20A94AF000A22AFB /* AppDelegate.swift */ = {isa = PBXFileReference; lastKnownFileType = sourcecode.swift; path = AppDelegate.swift; sourceTree = "<group>"; };
		868E200D20A94AF000A22AFB /* HomeVC.swift */ = {isa = PBXFileReference; lastKnownFileType = sourcecode.swift; path = HomeVC.swift; sourceTree = "<group>"; };
		868E201020A94AF000A22AFB /* Base */ = {isa = PBXFileReference; lastKnownFileType = file.storyboard; name = Base; path = Base.lproj/Main.storyboard; sourceTree = "<group>"; };
		868E201220A94AF300A22AFB /* Assets.xcassets */ = {isa = PBXFileReference; lastKnownFileType = folder.assetcatalog; path = Assets.xcassets; sourceTree = "<group>"; };
		868E201520A94AF300A22AFB /* Base */ = {isa = PBXFileReference; lastKnownFileType = file.storyboard; name = Base; path = Base.lproj/LaunchScreen.storyboard; sourceTree = "<group>"; };
		868E201720A94AF300A22AFB /* Info.plist */ = {isa = PBXFileReference; lastKnownFileType = text.plist.xml; path = Info.plist; sourceTree = "<group>"; };
		868E201C20A94AF300A22AFB /* Easy-BudgetTests.xctest */ = {isa = PBXFileReference; explicitFileType = wrapper.cfbundle; includeInIndex = 0; path = "Easy-BudgetTests.xctest"; sourceTree = BUILT_PRODUCTS_DIR; };
		868E202020A94AF300A22AFB /* Easy_BudgetTests.swift */ = {isa = PBXFileReference; lastKnownFileType = sourcecode.swift; path = Easy_BudgetTests.swift; sourceTree = "<group>"; };
		868E202220A94AF300A22AFB /* Info.plist */ = {isa = PBXFileReference; lastKnownFileType = text.plist.xml; path = Info.plist; sourceTree = "<group>"; };
		868E202720A94AF300A22AFB /* Easy-BudgetUITests.xctest */ = {isa = PBXFileReference; explicitFileType = wrapper.cfbundle; includeInIndex = 0; path = "Easy-BudgetUITests.xctest"; sourceTree = BUILT_PRODUCTS_DIR; };
		868E202B20A94AF300A22AFB /* Easy_BudgetUITests.swift */ = {isa = PBXFileReference; lastKnownFileType = sourcecode.swift; path = Easy_BudgetUITests.swift; sourceTree = "<group>"; };
		868E202D20A94AF300A22AFB /* Info.plist */ = {isa = PBXFileReference; lastKnownFileType = text.plist.xml; path = Info.plist; sourceTree = "<group>"; };
		868E204020A9CFB800A22AFB /* CreateNewBudgetVC.swift */ = {isa = PBXFileReference; lastKnownFileType = sourcecode.swift; path = CreateNewBudgetVC.swift; sourceTree = "<group>"; };
		868E204220A9D22400A22AFB /* RoundBtn.swift */ = {isa = PBXFileReference; lastKnownFileType = sourcecode.swift; path = RoundBtn.swift; sourceTree = "<group>"; };
		868E204420A9D53600A22AFB /* Budget.swift */ = {isa = PBXFileReference; lastKnownFileType = sourcecode.swift; path = Budget.swift; sourceTree = "<group>"; };
		868E204620A9DF9600A22AFB /* BudgetVC.swift */ = {isa = PBXFileReference; lastKnownFileType = sourcecode.swift; path = BudgetVC.swift; sourceTree = "<group>"; };
/* End PBXFileReference section */

/* Begin PBXFrameworksBuildPhase section */
		868E200520A94AF000A22AFB /* Frameworks */ = {
			isa = PBXFrameworksBuildPhase;
			buildActionMask = 2147483647;
			files = (
			);
			runOnlyForDeploymentPostprocessing = 0;
		};
		868E201920A94AF300A22AFB /* Frameworks */ = {
			isa = PBXFrameworksBuildPhase;
			buildActionMask = 2147483647;
			files = (
			);
			runOnlyForDeploymentPostprocessing = 0;
		};
		868E202420A94AF300A22AFB /* Frameworks */ = {
			isa = PBXFrameworksBuildPhase;
			buildActionMask = 2147483647;
			files = (
			);
			runOnlyForDeploymentPostprocessing = 0;
		};
/* End PBXFrameworksBuildPhase section */

/* Begin PBXGroup section */
		868E1FFF20A94AF000A22AFB = {
			isa = PBXGroup;
			children = (
				868E200A20A94AF000A22AFB /* Easy-Budget */,
				868E201F20A94AF300A22AFB /* Easy-BudgetTests */,
				868E202A20A94AF300A22AFB /* Easy-BudgetUITests */,
				868E200920A94AF000A22AFB /* Products */,
			);
			sourceTree = "<group>";
		};
		868E200920A94AF000A22AFB /* Products */ = {
			isa = PBXGroup;
			children = (
				868E200820A94AF000A22AFB /* Easy-Budget.app */,
				868E201C20A94AF300A22AFB /* Easy-BudgetTests.xctest */,
				868E202720A94AF300A22AFB /* Easy-BudgetUITests.xctest */,
			);
			name = Products;
			sourceTree = "<group>";
		};
		868E200A20A94AF000A22AFB /* Easy-Budget */ = {
			isa = PBXGroup;
			children = (
				868E203B20A94B6800A22AFB /* Model */,
				868E203A20A94B6300A22AFB /* View */,
				868E203920A94B5C00A22AFB /* Controller */,
				868E200B20A94AF000A22AFB /* AppDelegate.swift */,
				868E201220A94AF300A22AFB /* Assets.xcassets */,
				868E201720A94AF300A22AFB /* Info.plist */,
			);
			path = "Easy-Budget";
			sourceTree = "<group>";
		};
		868E201F20A94AF300A22AFB /* Easy-BudgetTests */ = {
			isa = PBXGroup;
			children = (
				868E202020A94AF300A22AFB /* Easy_BudgetTests.swift */,
				868E202220A94AF300A22AFB /* Info.plist */,
			);
			path = "Easy-BudgetTests";
			sourceTree = "<group>";
		};
		868E202A20A94AF300A22AFB /* Easy-BudgetUITests */ = {
			isa = PBXGroup;
			children = (
				868E202B20A94AF300A22AFB /* Easy_BudgetUITests.swift */,
				868E202D20A94AF300A22AFB /* Info.plist */,
			);
			path = "Easy-BudgetUITests";
			sourceTree = "<group>";
		};
		868E203920A94B5C00A22AFB /* Controller */ = {
			isa = PBXGroup;
			children = (
				868E200D20A94AF000A22AFB /* HomeVC.swift */,
				868E204020A9CFB800A22AFB /* CreateNewBudgetVC.swift */,
				868E204620A9DF9600A22AFB /* BudgetVC.swift */,
			);
			path = Controller;
			sourceTree = "<group>";
		};
		868E203A20A94B6300A22AFB /* View */ = {
			isa = PBXGroup;
			children = (
				868E201420A94AF300A22AFB /* LaunchScreen.storyboard */,
				868E200F20A94AF000A22AFB /* Main.storyboard */,
			);
			path = View;
			sourceTree = "<group>";
		};
		868E203B20A94B6800A22AFB /* Model */ = {
			isa = PBXGroup;
			children = (
				868E204220A9D22400A22AFB /* RoundBtn.swift */,
				868E204420A9D53600A22AFB /* Budget.swift */,
			);
			path = Model;
			sourceTree = "<group>";
		};
/* End PBXGroup section */

/* Begin PBXNativeTarget section */
		868E200720A94AF000A22AFB /* Easy-Budget */ = {
			isa = PBXNativeTarget;
			buildConfigurationList = 868E203020A94AF300A22AFB /* Build configuration list for PBXNativeTarget "Easy-Budget" */;
			buildPhases = (
				868E200420A94AF000A22AFB /* Sources */,
				868E200520A94AF000A22AFB /* Frameworks */,
				868E200620A94AF000A22AFB /* Resources */,
			);
			buildRules = (
			);
			dependencies = (
			);
			name = "Easy-Budget";
			productName = "Easy-Budget";
			productReference = 868E200820A94AF000A22AFB /* Easy-Budget.app */;
			productType = "com.apple.product-type.application";
		};
		868E201B20A94AF300A22AFB /* Easy-BudgetTests */ = {
			isa = PBXNativeTarget;
			buildConfigurationList = 868E203320A94AF300A22AFB /* Build configuration list for PBXNativeTarget "Easy-BudgetTests" */;
			buildPhases = (
				868E201820A94AF300A22AFB /* Sources */,
				868E201920A94AF300A22AFB /* Frameworks */,
				868E201A20A94AF300A22AFB /* Resources */,
			);
			buildRules = (
			);
			dependencies = (
				868E201E20A94AF300A22AFB /* PBXTargetDependency */,
			);
			name = "Easy-BudgetTests";
			productName = "Easy-BudgetTests";
			productReference = 868E201C20A94AF300A22AFB /* Easy-BudgetTests.xctest */;
			productType = "com.apple.product-type.bundle.unit-test";
		};
		868E202620A94AF300A22AFB /* Easy-BudgetUITests */ = {
			isa = PBXNativeTarget;
			buildConfigurationList = 868E203620A94AF300A22AFB /* Build configuration list for PBXNativeTarget "Easy-BudgetUITests" */;
			buildPhases = (
				868E202320A94AF300A22AFB /* Sources */,
				868E202420A94AF300A22AFB /* Frameworks */,
				868E202520A94AF300A22AFB /* Resources */,
			);
			buildRules = (
			);
			dependencies = (
				868E202920A94AF300A22AFB /* PBXTargetDependency */,
			);
			name = "Easy-BudgetUITests";
			productName = "Easy-BudgetUITests";
			productReference = 868E202720A94AF300A22AFB /* Easy-BudgetUITests.xctest */;
			productType = "com.apple.product-type.bundle.ui-testing";
		};
/* End PBXNativeTarget section */

/* Begin PBXProject section */
		868E200020A94AF000A22AFB /* Project object */ = {
			isa = PBXProject;
			attributes = {
				LastSwiftUpdateCheck = 0930;
				LastUpgradeCheck = 0930;
				ORGANIZATIONNAME = "Frank Garcia";
				TargetAttributes = {
					868E200720A94AF000A22AFB = {
						CreatedOnToolsVersion = 9.3.1;
					};
					868E201B20A94AF300A22AFB = {
						CreatedOnToolsVersion = 9.3.1;
						TestTargetID = 868E200720A94AF000A22AFB;
					};
					868E202620A94AF300A22AFB = {
						CreatedOnToolsVersion = 9.3.1;
						TestTargetID = 868E200720A94AF000A22AFB;
					};
				};
			};
			buildConfigurationList = 868E200320A94AF000A22AFB /* Build configuration list for PBXProject "Easy-Budget" */;
			compatibilityVersion = "Xcode 9.3";
			developmentRegion = en;
			hasScannedForEncodings = 0;
			knownRegions = (
				en,
				Base,
			);
			mainGroup = 868E1FFF20A94AF000A22AFB;
			productRefGroup = 868E200920A94AF000A22AFB /* Products */;
			projectDirPath = "";
			projectRoot = "";
			targets = (
				868E200720A94AF000A22AFB /* Easy-Budget */,
				868E201B20A94AF300A22AFB /* Easy-BudgetTests */,
				868E202620A94AF300A22AFB /* Easy-BudgetUITests */,
			);
		};
/* End PBXProject section */

/* Begin PBXResourcesBuildPhase section */
		868E200620A94AF000A22AFB /* Resources */ = {
			isa = PBXResourcesBuildPhase;
			buildActionMask = 2147483647;
			files = (
				868E201620A94AF300A22AFB /* LaunchScreen.storyboard in Resources */,
				868E201320A94AF300A22AFB /* Assets.xcassets in Resources */,
				868E201120A94AF000A22AFB /* Main.storyboard in Resources */,
			);
			runOnlyForDeploymentPostprocessing = 0;
		};
		868E201A20A94AF300A22AFB /* Resources */ = {
			isa = PBXResourcesBuildPhase;
			buildActionMask = 2147483647;
			files = (
			);
			runOnlyForDeploymentPostprocessing = 0;
		};
		868E202520A94AF300A22AFB /* Resources */ = {
			isa = PBXResourcesBuildPhase;
			buildActionMask = 2147483647;
			files = (
			);
			runOnlyForDeploymentPostprocessing = 0;
		};
/* End PBXResourcesBuildPhase section */

/* Begin PBXSourcesBuildPhase section */
		868E200420A94AF000A22AFB /* Sources */ = {
			isa = PBXSourcesBuildPhase;
			buildActionMask = 2147483647;
			files = (
				868E200E20A94AF000A22AFB /* HomeVC.swift in Sources */,
				868E204120A9CFB800A22AFB /* CreateNewBudgetVC.swift in Sources */,
				868E204520A9D53600A22AFB /* Budget.swift in Sources */,
				868E200C20A94AF000A22AFB /* AppDelegate.swift in Sources */,
				868E204320A9D22400A22AFB /* RoundBtn.swift in Sources */,
				868E204720A9DF9600A22AFB /* BudgetVC.swift in Sources */,
			);
			runOnlyForDeploymentPostprocessing = 0;
		};
		868E201820A94AF300A22AFB /* Sources */ = {
			isa = PBXSourcesBuildPhase;
			buildActionMask = 2147483647;
			files = (
				868E202120A94AF300A22AFB /* Easy_BudgetTests.swift in Sources */,
			);
			runOnlyForDeploymentPostprocessing = 0;
		};
		868E202320A94AF300A22AFB /* Sources */ = {
			isa = PBXSourcesBuildPhase;
			buildActionMask = 2147483647;
			files = (
				868E202C20A94AF300A22AFB /* Easy_BudgetUITests.swift in Sources */,
			);
			runOnlyForDeploymentPostprocessing = 0;
		};
/* End PBXSourcesBuildPhase section */

/* Begin PBXTargetDependency section */
		868E201E20A94AF300A22AFB /* PBXTargetDependency */ = {
			isa = PBXTargetDependency;
			target = 868E200720A94AF000A22AFB /* Easy-Budget */;
			targetProxy = 868E201D20A94AF300A22AFB /* PBXContainerItemProxy */;
		};
		868E202920A94AF300A22AFB /* PBXTargetDependency */ = {
			isa = PBXTargetDependency;
			target = 868E200720A94AF000A22AFB /* Easy-Budget */;
			targetProxy = 868E202820A94AF300A22AFB /* PBXContainerItemProxy */;
		};
/* End PBXTargetDependency section */

/* Begin PBXVariantGroup section */
		868E200F20A94AF000A22AFB /* Main.storyboard */ = {
			isa = PBXVariantGroup;
			children = (
				868E201020A94AF000A22AFB /* Base */,
			);
			name = Main.storyboard;
			sourceTree = "<group>";
		};
		868E201420A94AF300A22AFB /* LaunchScreen.storyboard */ = {
			isa = PBXVariantGroup;
			children = (
				868E201520A94AF300A22AFB /* Base */,
			);
			name = LaunchScreen.storyboard;
			sourceTree = "<group>";
		};
/* End PBXVariantGroup section */

/* Begin XCBuildConfiguration section */
		868E202E20A94AF300A22AFB /* Debug */ = {
			isa = XCBuildConfiguration;
			buildSettings = {
				ALWAYS_SEARCH_USER_PATHS = NO;
				CLANG_ANALYZER_NONNULL = YES;
				CLANG_ANALYZER_NUMBER_OBJECT_CONVERSION = YES_AGGRESSIVE;
				CLANG_CXX_LANGUAGE_STANDARD = "gnu++14";
				CLANG_CXX_LIBRARY = "libc++";
				CLANG_ENABLE_MODULES = YES;
				CLANG_ENABLE_OBJC_ARC = YES;
				CLANG_ENABLE_OBJC_WEAK = YES;
				CLANG_WARN_BLOCK_CAPTURE_AUTORELEASING = YES;
				CLANG_WARN_BOOL_CONVERSION = YES;
				CLANG_WARN_COMMA = YES;
				CLANG_WARN_CONSTANT_CONVERSION = YES;
				CLANG_WARN_DEPRECATED_OBJC_IMPLEMENTATIONS = YES;
				CLANG_WARN_DIRECT_OBJC_ISA_USAGE = YES_ERROR;
				CLANG_WARN_DOCUMENTATION_COMMENTS = YES;
				CLANG_WARN_EMPTY_BODY = YES;
				CLANG_WARN_ENUM_CONVERSION = YES;
				CLANG_WARN_INFINITE_RECURSION = YES;
				CLANG_WARN_INT_CONVERSION = YES;
				CLANG_WARN_NON_LITERAL_NULL_CONVERSION = YES;
				CLANG_WARN_OBJC_IMPLICIT_RETAIN_SELF = YES;
				CLANG_WARN_OBJC_LITERAL_CONVERSION = YES;
				CLANG_WARN_OBJC_ROOT_CLASS = YES_ERROR;
				CLANG_WARN_RANGE_LOOP_ANALYSIS = YES;
				CLANG_WARN_STRICT_PROTOTYPES = YES;
				CLANG_WARN_SUSPICIOUS_MOVE = YES;
				CLANG_WARN_UNGUARDED_AVAILABILITY = YES_AGGRESSIVE;
				CLANG_WARN_UNREACHABLE_CODE = YES;
				CLANG_WARN__DUPLICATE_METHOD_MATCH = YES;
				CODE_SIGN_IDENTITY = "iPhone Developer";
				COPY_PHASE_STRIP = NO;
				DEBUG_INFORMATION_FORMAT = dwarf;
				ENABLE_STRICT_OBJC_MSGSEND = YES;
				ENABLE_TESTABILITY = YES;
				GCC_C_LANGUAGE_STANDARD = gnu11;
				GCC_DYNAMIC_NO_PIC = NO;
				GCC_NO_COMMON_BLOCKS = YES;
				GCC_OPTIMIZATION_LEVEL = 0;
				GCC_PREPROCESSOR_DEFINITIONS = (
					"DEBUG=1",
					"$(inherited)",
				);
				GCC_WARN_64_TO_32_BIT_CONVERSION = YES;
				GCC_WARN_ABOUT_RETURN_TYPE = YES_ERROR;
				GCC_WARN_UNDECLARED_SELECTOR = YES;
				GCC_WARN_UNINITIALIZED_AUTOS = YES_AGGRESSIVE;
				GCC_WARN_UNUSED_FUNCTION = YES;
				GCC_WARN_UNUSED_VARIABLE = YES;
				IPHONEOS_DEPLOYMENT_TARGET = 11.3;
				MTL_ENABLE_DEBUG_INFO = YES;
				ONLY_ACTIVE_ARCH = YES;
				SDKROOT = iphoneos;
				SWIFT_ACTIVE_COMPILATION_CONDITIONS = DEBUG;
				SWIFT_OPTIMIZATION_LEVEL = "-Onone";
			};
			name = Debug;
		};
		868E202F20A94AF300A22AFB /* Release */ = {
			isa = XCBuildConfiguration;
			buildSettings = {
				ALWAYS_SEARCH_USER_PATHS = NO;
				CLANG_ANALYZER_NONNULL = YES;
				CLANG_ANALYZER_NUMBER_OBJECT_CONVERSION = YES_AGGRESSIVE;
				CLANG_CXX_LANGUAGE_STANDARD = "gnu++14";
				CLANG_CXX_LIBRARY = "libc++";
				CLANG_ENABLE_MODULES = YES;
				CLANG_ENABLE_OBJC_ARC = YES;
				CLANG_ENABLE_OBJC_WEAK = YES;
				CLANG_WARN_BLOCK_CAPTURE_AUTORELEASING = YES;
				CLANG_WARN_BOOL_CONVERSION = YES;
				CLANG_WARN_COMMA = YES;
				CLANG_WARN_CONSTANT_CONVERSION = YES;
				CLANG_WARN_DEPRECATED_OBJC_IMPLEMENTATIONS = YES;
				CLANG_WARN_DIRECT_OBJC_ISA_USAGE = YES_ERROR;
				CLANG_WARN_DOCUMENTATION_COMMENTS = YES;
				CLANG_WARN_EMPTY_BODY = YES;
				CLANG_WARN_ENUM_CONVERSION = YES;
				CLANG_WARN_INFINITE_RECURSION = YES;
				CLANG_WARN_INT_CONVERSION = YES;
				CLANG_WARN_NON_LITERAL_NULL_CONVERSION = YES;
				CLANG_WARN_OBJC_IMPLICIT_RETAIN_SELF = YES;
				CLANG_WARN_OBJC_LITERAL_CONVERSION = YES;
				CLANG_WARN_OBJC_ROOT_CLASS = YES_ERROR;
				CLANG_WARN_RANGE_LOOP_ANALYSIS = YES;
				CLANG_WARN_STRICT_PROTOTYPES = YES;
				CLANG_WARN_SUSPICIOUS_MOVE = YES;
				CLANG_WARN_UNGUARDED_AVAILABILITY = YES_AGGRESSIVE;
				CLANG_WARN_UNREACHABLE_CODE = YES;
				CLANG_WARN__DUPLICATE_METHOD_MATCH = YES;
				CODE_SIGN_IDENTITY = "iPhone Developer";
				COPY_PHASE_STRIP = NO;
				DEBUG_INFORMATION_FORMAT = "dwarf-with-dsym";
				ENABLE_NS_ASSERTIONS = NO;
				ENABLE_STRICT_OBJC_MSGSEND = YES;
				GCC_C_LANGUAGE_STANDARD = gnu11;
				GCC_NO_COMMON_BLOCKS = YES;
				GCC_WARN_64_TO_32_BIT_CONVERSION = YES;
				GCC_WARN_ABOUT_RETURN_TYPE = YES_ERROR;
				GCC_WARN_UNDECLARED_SELECTOR = YES;
				GCC_WARN_UNINITIALIZED_AUTOS = YES_AGGRESSIVE;
				GCC_WARN_UNUSED_FUNCTION = YES;
				GCC_WARN_UNUSED_VARIABLE = YES;
				IPHONEOS_DEPLOYMENT_TARGET = 11.3;
				MTL_ENABLE_DEBUG_INFO = NO;
				SDKROOT = iphoneos;
				SWIFT_COMPILATION_MODE = wholemodule;
				SWIFT_OPTIMIZATION_LEVEL = "-O";
				VALIDATE_PRODUCT = YES;
			};
			name = Release;
		};
		868E203120A94AF300A22AFB /* Debug */ = {
			isa = XCBuildConfiguration;
			buildSettings = {
				ASSETCATALOG_COMPILER_APPICON_NAME = AppIcon;
				CODE_SIGN_STYLE = Automatic;
				DEVELOPMENT_TEAM = 4Q3566E5XE;
				INFOPLIST_FILE = "Easy-Budget/Info.plist";
				LD_RUNPATH_SEARCH_PATHS = (
					"$(inherited)",
					"@executable_path/Frameworks",
				);
				PRODUCT_BUNDLE_IDENTIFIER = "FrankGarcia.Easy-Budget";
				PRODUCT_NAME = "$(TARGET_NAME)";
				SWIFT_VERSION = 4.0;
				TARGETED_DEVICE_FAMILY = "1,2";
			};
			name = Debug;
		};
		868E203220A94AF300A22AFB /* Release */ = {
			isa = XCBuildConfiguration;
			buildSettings = {
				ASSETCATALOG_COMPILER_APPICON_NAME = AppIcon;
				CODE_SIGN_STYLE = Automatic;
				DEVELOPMENT_TEAM = 4Q3566E5XE;
				INFOPLIST_FILE = "Easy-Budget/Info.plist";
				LD_RUNPATH_SEARCH_PATHS = (
					"$(inherited)",
					"@executable_path/Frameworks",
				);
				PRODUCT_BUNDLE_IDENTIFIER = "FrankGarcia.Easy-Budget";
				PRODUCT_NAME = "$(TARGET_NAME)";
				SWIFT_VERSION = 4.0;
				TARGETED_DEVICE_FAMILY = "1,2";
			};
			name = Release;
		};
		868E203420A94AF300A22AFB /* Debug */ = {
			isa = XCBuildConfiguration;
			buildSettings = {
				ALWAYS_EMBED_SWIFT_STANDARD_LIBRARIES = YES;
				BUNDLE_LOADER = "$(TEST_HOST)";
				CODE_SIGN_STYLE = Automatic;
				DEVELOPMENT_TEAM = 4Q3566E5XE;
				INFOPLIST_FILE = "Easy-BudgetTests/Info.plist";
				LD_RUNPATH_SEARCH_PATHS = (
					"$(inherited)",
					"@executable_path/Frameworks",
					"@loader_path/Frameworks",
				);
				PRODUCT_BUNDLE_IDENTIFIER = "FrankGarcia.Easy-BudgetTests";
				PRODUCT_NAME = "$(TARGET_NAME)";
				SWIFT_VERSION = 4.0;
				TARGETED_DEVICE_FAMILY = "1,2";
				TEST_HOST = "$(BUILT_PRODUCTS_DIR)/Easy-Budget.app/Easy-Budget";
			};
			name = Debug;
		};
		868E203520A94AF300A22AFB /* Release */ = {
			isa = XCBuildConfiguration;
			buildSettings = {
				ALWAYS_EMBED_SWIFT_STANDARD_LIBRARIES = YES;
				BUNDLE_LOADER = "$(TEST_HOST)";
				CODE_SIGN_STYLE = Automatic;
				DEVELOPMENT_TEAM = 4Q3566E5XE;
				INFOPLIST_FILE = "Easy-BudgetTests/Info.plist";
				LD_RUNPATH_SEARCH_PATHS = (
					"$(inherited)",
					"@executable_path/Frameworks",
					"@loader_path/Frameworks",
				);
				PRODUCT_BUNDLE_IDENTIFIER = "FrankGarcia.Easy-BudgetTests";
				PRODUCT_NAME = "$(TARGET_NAME)";
				SWIFT_VERSION = 4.0;
				TARGETED_DEVICE_FAMILY = "1,2";
				TEST_HOST = "$(BUILT_PRODUCTS_DIR)/Easy-Budget.app/Easy-Budget";
			};
			name = Release;
		};
		868E203720A94AF300A22AFB /* Debug */ = {
			isa = XCBuildConfiguration;
			buildSettings = {
				ALWAYS_EMBED_SWIFT_STANDARD_LIBRARIES = YES;
				CODE_SIGN_STYLE = Automatic;
				DEVELOPMENT_TEAM = 4Q3566E5XE;
				INFOPLIST_FILE = "Easy-BudgetUITests/Info.plist";
				LD_RUNPATH_SEARCH_PATHS = (
					"$(inherited)",
					"@executable_path/Frameworks",
					"@loader_path/Frameworks",
				);
				PRODUCT_BUNDLE_IDENTIFIER = "FrankGarcia.Easy-BudgetUITests";
				PRODUCT_NAME = "$(TARGET_NAME)";
				SWIFT_VERSION = 4.0;
				TARGETED_DEVICE_FAMILY = "1,2";
				TEST_TARGET_NAME = "Easy-Budget";
			};
			name = Debug;
		};
		868E203820A94AF300A22AFB /* Release */ = {
			isa = XCBuildConfiguration;
			buildSettings = {
				ALWAYS_EMBED_SWIFT_STANDARD_LIBRARIES = YES;
				CODE_SIGN_STYLE = Automatic;
				DEVELOPMENT_TEAM = 4Q3566E5XE;
				INFOPLIST_FILE = "Easy-BudgetUITests/Info.plist";
				LD_RUNPATH_SEARCH_PATHS = (
					"$(inherited)",
					"@executable_path/Frameworks",
					"@loader_path/Frameworks",
				);
				PRODUCT_BUNDLE_IDENTIFIER = "FrankGarcia.Easy-BudgetUITests";
				PRODUCT_NAME = "$(TARGET_NAME)";
				SWIFT_VERSION = 4.0;
				TARGETED_DEVICE_FAMILY = "1,2";
				TEST_TARGET_NAME = "Easy-Budget";
			};
			name = Release;
		};
/* End XCBuildConfiguration section */

/* Begin XCConfigurationList section */
		868E200320A94AF000A22AFB /* Build configuration list for PBXProject "Easy-Budget" */ = {
			isa = XCConfigurationList;
			buildConfigurations = (
				868E202E20A94AF300A22AFB /* Debug */,
				868E202F20A94AF300A22AFB /* Release */,
			);
			defaultConfigurationIsVisible = 0;
			defaultConfigurationName = Release;
		};
		868E203020A94AF300A22AFB /* Build configuration list for PBXNativeTarget "Easy-Budget" */ = {
			isa = XCConfigurationList;
			buildConfigurations = (
				868E203120A94AF300A22AFB /* Debug */,
				868E203220A94AF300A22AFB /* Release */,
			);
			defaultConfigurationIsVisible = 0;
			defaultConfigurationName = Release;
		};
		868E203320A94AF300A22AFB /* Build configuration list for PBXNativeTarget "Easy-BudgetTests" */ = {
			isa = XCConfigurationList;
			buildConfigurations = (
				868E203420A94AF300A22AFB /* Debug */,
				868E203520A94AF300A22AFB /* Release */,
			);
			defaultConfigurationIsVisible = 0;
			defaultConfigurationName = Release;
		};
		868E203620A94AF300A22AFB /* Build configuration list for PBXNativeTarget "Easy-BudgetUITests" */ = {
			isa = XCConfigurationList;
			buildConfigurations = (
				868E203720A94AF300A22AFB /* Debug */,
				868E203820A94AF300A22AFB /* Release */,
			);
			defaultConfigurationIsVisible = 0;
			defaultConfigurationName = Release;
		};
/* End XCConfigurationList section */
	};
	rootObject = 868E200020A94AF000A22AFB /* Project object */;
}
